{
  "name": "rubymuibi",
  "version": "1.0.0",
  "lockfileVersion": 3,
  "requires": true,
  "packages": {
    "": {
      "name": "rubymuibi",
      "version": "1.0.0",
      "license": "ISC",
      "dependencies": {
        "rubymuibi": "^1.0.0"
      }
    },
    "node_modules/rubymuibi": {
      "version": "1.0.0",
      "resolved": "https://registry.npmjs.org/rubymuibi/-/rubymuibi-1.0.0.tgz",
      "integrity": "sha512-tsNgMgcJDfNOaBZLvXdRfKkyP8Z7HPCcF35CSawsu6ZyjwWYF5cjIGYKUBChNHGmyCfgMAuu01fi9XRrAKPihA=="
    }
  }
}
